
Microsoft Visual Studio Solution File, Format Version 12.00
# Visual Studio Version 17
VisualStudioVersion = 17.0.31903.59
MinimumVisualStudioVersion = 10.0.40219.1
Project("{2150E333-8FDC-42A3-9474-1A3956D46DE8}") = "AsyncAwaitApp", "AsyncAwaitApp", "{5E857C1B-23D4-5793-0D80-075145E45B71}"
EndProject
Project("{FAE04EC0-301F-11D3-BF4B-00C04F79EFBC}") = "AsyncAwaitApp", "AsyncAwaitApp\AsyncAwaitApp\AsyncAwaitApp.csproj", "{2AF11805-BE94-4DB4-9A0A-005BFDD0B64B}"
EndProject
Global
	GlobalSection(SolutionConfigurationPlatforms) = preSolution
		Debug|Any CPU = Debug|Any CPU
		Debug|x64 = Debug|x64
		Debug|x86 = Debug|x86
		Release|Any CPU = Release|Any CPU
		Release|x64 = Release|x64
		Release|x86 = Release|x86
	EndGlobalSection
	GlobalSection(ProjectConfigurationPlatforms) = postSolution
		{2AF11805-BE94-4DB4-9A0A-005BFDD0B64B}.Debug|Any CPU.ActiveCfg = Debug|Any CPU
		{2AF11805-BE94-4DB4-9A0A-005BFDD0B64B}.Debug|Any CPU.Build.0 = Debug|Any CPU
		{2AF11805-BE94-4DB4-9A0A-005BFDD0B64B}.Debug|x64.ActiveCfg = Debug|Any CPU
		{2AF11805-BE94-4DB4-9A0A-005BFDD0B64B}.Debug|x64.Build.0 = Debug|Any CPU
		{2AF11805-BE94-4DB4-9A0A-005BFDD0B64B}.Debug|x86.ActiveCfg = Debug|Any CPU
		{2AF11805-BE94-4DB4-9A0A-005BFDD0B64B}.Debug|x86.Build.0 = Debug|Any CPU
		{2AF11805-BE94-4DB4-9A0A-005BFDD0B64B}.Release|Any CPU.ActiveCfg = Release|Any CPU
		{2AF11805-BE94-4DB4-9A0A-005BFDD0B64B}.Release|Any CPU.Build.0 = Release|Any CPU
		{2AF11805-BE94-4DB4-9A0A-005BFDD0B64B}.Release|x64.ActiveCfg = Release|Any CPU
		{2AF11805-BE94-4DB4-9A0A-005BFDD0B64B}.Release|x64.Build.0 = Release|Any CPU
		{2AF11805-BE94-4DB4-9A0A-005BFDD0B64B}.Release|x86.ActiveCfg = Release|Any CPU
		{2AF11805-BE94-4DB4-9A0A-005BFDD0B64B}.Release|x86.Build.0 = Release|Any CPU
	EndGlobalSection
	GlobalSection(SolutionProperties) = preSolution
		HideSolutionNode = FALSE
	EndGlobalSection
	GlobalSection(NestedProjects) = preSolution
		{2AF11805-BE94-4DB4-9A0A-005BFDD0B64B} = {5E857C1B-23D4-5793-0D80-075145E45B71}
	EndGlobalSection
EndGlobal
